github.com/tinywasm/ddl v0.0.12 h1:vIX4BdWyxgX9rxzXONerFjf9es60S+pqbFFc0yiMJQ8=
github.com/tinywasm/ddl v0.0.12/go.mod h1:xY1lGWWzKq8wFecGzkz2bjBud5fE1yDp9kBa1dzYqns=
github.com/tinywasm/fmt v0.25.7 h1:Rju5B7LfrGu2QOA0L5IN0Cb9NwH5h8afGbawnF59Mec=
github.com/tinywasm/fmt v0.25.7/go.mod h1:2Y4hlsQxqVsZ5z9vQL5XQbEzLQtQOr1Bhp44nPGfydA=
github.com/tinywasm/model v0.1.4 h1:ZXz/LB9bUVzfiPO3R8iMDbZ6j2DCdR+rOV67zDaE7VE=
github.com/tinywasm/model v0.1.4/go.mod h1:Cx/RTzSOH/DM2DtP6JqdhIRTDlf31EstTV5Y0RSp/dg=
github.com/tinywasm/storage v0.0.2 h1:2z2w6Vpy5057mtvXWzK79F4XslJBvQl6GqAm+WacfyU=
github.com/tinywasm/storage v0.0.2/go.mod h1:mF48cBANp2vWkgj2EbpurNY5QY4fYqpCTwbNaaLM5Ic=
