github.com/tinywasm/ddlc v0.0.2 h1:N9J7rnYtI8NXzLLtpPd3vLljBuNhdCDrtyaLf8pz7Ss=
github.com/tinywasm/ddlc v0.0.2/go.mod h1:DXTFES2Mt3QcxYp0sZ6YrMXxOkK7vRVCoukFgyt+Mro=
github.com/tinywasm/fmt v0.25.3 h1:CkyjeKvSFM8BxRWleb4gaPak8Fe+VKPWvnW0UU7KvQE=
github.com/tinywasm/fmt v0.25.3/go.mod h1:L2GCAi6asgytPV6TVvGrRq5Ml+DkUt1Ijo5i/2J1jOY=
github.com/tinywasm/model v0.0.12 h1:oKcZZ3VTzpffoAkeduz1QvQEY+cMQbLlhmzW3HvnEms=
github.com/tinywasm/model v0.0.12/go.mod h1:wkYZLW6CWVrlx5TiLEBL71KgDxhjUcFtY3KXZKpkCXA=
github.com/tinywasm/orm v0.9.27 h1:IJVh7BzbqabSUmHC/VbLHscdSA6I23DsTTygwYIg2DY=
github.com/tinywasm/orm v0.9.27/go.mod h1:oyZEPhmfemnkn8dVkL8iAhTpy/2z7q//lObU1+qTc0s=
